{
  "originHash" : "91ee95648184888fb52b20a61b30ce51b164f8067860f850a4242513204a28a3",
  "pins" : [
    {
      "identity" : "brute",
      "kind" : "remoteSourceControl",
      "location" : "https://github.com/Lukas-Simonson/Brute",
      "state" : {
        "branch" : "main",
        "revision" : "0b443aa055eb9b344bc7aa1482c79481b0edd526"
      }
    },
    {
      "identity" : "swift-log",
      "kind" : "remoteSourceControl",
      "location" : "https://github.com/apple/swift-log",
      "state" : {
        "revision" : "bc386b95f2a16ccd0150a8235e7c69eab2b866ca",
        "version" : "1.8.0"
      }
    },
    {
      "identity" : "swiftui-flow",
      "kind" : "remoteSourceControl",
      "location" : "https://github.com/tevelee/SwiftUI-Flow.git",
      "state" : {
        "revision" : "d227f999b2894ab737ef5786d9b14d02d3e5362e",
        "version" : "3.1.1"
      }
    }
  ],
  "version" : 3
}
