{
  "originHash" : "af15bedd52f03e0a047059381b3e194c54064c7c663c33ea37a9b9bdbfa95502",
  "pins" : [
    {
      "identity" : "brute",
      "kind" : "remoteSourceControl",
      "location" : "https://github.com/Lukas-Simonson/Brute",
      "state" : {
        "branch" : "main",
        "revision" : "f75569279c08a724068d4e2d2ee3dbc2997e615f"
      }
    },
    {
      "identity" : "swift-log",
      "kind" : "remoteSourceControl",
      "location" : "https://github.com/apple/swift-log",
      "state" : {
        "revision" : "bc386b95f2a16ccd0150a8235e7c69eab2b866ca",
        "version" : "1.8.0"
      }
    },
    {
      "identity" : "swiftui-flow",
      "kind" : "remoteSourceControl",
      "location" : "https://github.com/tevelee/SwiftUI-Flow.git",
      "state" : {
        "revision" : "d227f999b2894ab737ef5786d9b14d02d3e5362e",
        "version" : "3.1.1"
      }
    }
  ],
  "version" : 3
}
