{
  "originHash" : "a608afe61ee10e708d3903734ac1a2071b042773831f482c0117b01584375268",
  "pins" : [
    {
      "identity" : "brute",
      "kind" : "remoteSourceControl",
      "location" : "https://github.com/Lukas-Simonson/Brute",
      "state" : {
        "branch" : "main",
        "revision" : "0b443aa055eb9b344bc7aa1482c79481b0edd526"
      }
    },
    {
      "identity" : "grdb.swift",
      "kind" : "remoteSourceControl",
      "location" : "https://github.com/groue/GRDB.swift",
      "state" : {
        "revision" : "aa0079aeb82a4bf00324561a40bffe68c6fe1c26",
        "version" : "7.9.0"
      }
    },
    {
      "identity" : "noticeme",
      "kind" : "remoteSourceControl",
      "location" : "https://github.com/Lukas-Simonson/NoticeMe",
      "state" : {
        "revision" : "576b60d7464e4a1925143d17534c1fc7d05e0da4",
        "version" : "1.1.3"
      }
    },
    {
      "identity" : "overflow",
      "kind" : "remoteSourceControl",
      "location" : "https://github.com/Lukas-Simonson/Overflow",
      "state" : {
        "revision" : "ace04f3e40b01fde9bde5c27d55935812fb2c0f5",
        "version" : "1.1.1"
      }
    },
    {
      "identity" : "scaffold",
      "kind" : "remoteSourceControl",
      "location" : "https://github.com/Lukas-Simonson/Scaffold.git",
      "state" : {
        "revision" : "c383565dfa6ee48400f9fe94cadd5458bf237386",
        "version" : "0.3.0"
      }
    },
    {
      "identity" : "swift-cobweb",
      "kind" : "remoteSourceControl",
      "location" : "https://github.com/Lukas-Simonson/Swift-Cobweb",
      "state" : {
        "revision" : "4c9e4d225ed7a0cb0801decabeb38aadb3fdc9ae",
        "version" : "1.2.0"
      }
    },
    {
      "identity" : "swift-log",
      "kind" : "remoteSourceControl",
      "location" : "https://github.com/apple/swift-log",
      "state" : {
        "revision" : "bc386b95f2a16ccd0150a8235e7c69eab2b866ca",
        "version" : "1.8.0"
      }
    },
    {
      "identity" : "swift-syntax",
      "kind" : "remoteSourceControl",
      "location" : "https://github.com/apple/swift-syntax",
      "state" : {
        "revision" : "4799286537280063c85a32f09884cfbca301b1a1",
        "version" : "602.0.0"
      }
    },
    {
      "identity" : "swiftui-flow",
      "kind" : "remoteSourceControl",
      "location" : "https://github.com/tevelee/SwiftUI-Flow.git",
      "state" : {
        "revision" : "d227f999b2894ab737ef5786d9b14d02d3e5362e",
        "version" : "3.1.1"
      }
    }
  ],
  "version" : 3
}
