{
  "originHash" : "aef3a6082f5f5afa4d307ec53a7b2ce7b0c358470580c2aca2da1c9bc6ba3a3b",
  "pins" : [
    {
      "identity" : "brute",
      "kind" : "remoteSourceControl",
      "location" : "https://github.com/Lukas-Simonson/Brute.git",
      "state" : {
        "revision" : "d3dbd954fad1507542ca3eafca4b2e1e021e3260",
        "version" : "1.2.2"
      }
    },
    {
      "identity" : "overflow",
      "kind" : "remoteSourceControl",
      "location" : "https://github.com/Lukas-Simonson/Overflow",
      "state" : {
        "revision" : "ace04f3e40b01fde9bde5c27d55935812fb2c0f5",
        "version" : "1.1.1"
      }
    },
    {
      "identity" : "swift-cobweb",
      "kind" : "remoteSourceControl",
      "location" : "https://github.com/Lukas-Simonson/Swift-Cobweb",
      "state" : {
        "revision" : "4c9e4d225ed7a0cb0801decabeb38aadb3fdc9ae",
        "version" : "1.2.0"
      }
    },
    {
      "identity" : "swift-log",
      "kind" : "remoteSourceControl",
      "location" : "https://github.com/apple/swift-log",
      "state" : {
        "revision" : "bc386b95f2a16ccd0150a8235e7c69eab2b866ca",
        "version" : "1.8.0"
      }
    },
    {
      "identity" : "swiftui-flow",
      "kind" : "remoteSourceControl",
      "location" : "https://github.com/tevelee/SwiftUI-Flow.git",
      "state" : {
        "revision" : "d227f999b2894ab737ef5786d9b14d02d3e5362e",
        "version" : "3.1.1"
      }
    }
  ],
  "version" : 3
}
