// !$*UTF8*$!
{
	archiveVersion = 1;
	classes = {
	};
	objectVersion = 77;
	objects = {

/* Begin PBXBuildFile section */
		6C444E122EF88F0A00C85736 /* Scaffold in Frameworks */ = {isa = PBXBuildFile; productRef = 6C444E112EF88F0A00C85736 /* Scaffold */; };
		6C444E1C2EF8925400C85736 /* NoticeMe in Frameworks */ = {isa = PBXBuildFile; productRef = 6C444E1B2EF8925400C85736 /* NoticeMe */; };
		6CC079E82EF7BF8C0081C716 /* Data in Frameworks */ = {isa = PBXBuildFile; productRef = 6CC079E72EF7BF8C0081C716 /* Data */; };
		6CC079EB2EF7BF9B0081C716 /* Feature in Frameworks */ = {isa = PBXBuildFile; productRef = 6CC079EA2EF7BF9B0081C716 /* Feature */; };
/* End PBXBuildFile section */

/* Begin PBXContainerItemProxy section */
		6CC079BE2EF7BF1F0081C716 /* PBXContainerItemProxy */ = {
			isa = PBXContainerItemProxy;
			containerPortal = 6CC079A82EF7BF1E0081C716 /* Project object */;
			proxyType = 1;
			remoteGlobalIDString = 6CC079AF2EF7BF1E0081C716;
			remoteInfo = Banshee;
		};
		6CC079C82EF7BF1F0081C716 /* PBXContainerItemProxy */ = {
			isa = PBXContainerItemProxy;
			containerPortal = 6CC079A82EF7BF1E0081C716 /* Project object */;
			proxyType = 1;
			remoteGlobalIDString = 6CC079AF2EF7BF1E0081C716;
			remoteInfo = Banshee;
		};
/* End PBXContainerItemProxy section */

/* Begin PBXFileReference section */
		6CC079B02EF7BF1E0081C716 /* Banshee.app */ = {isa = PBXFileReference; explicitFileType = wrapper.application; includeInIndex = 0; path = Banshee.app; sourceTree = BUILT_PRODUCTS_DIR; };
		6CC079BD2EF7BF1F0081C716 /* BansheeTests.xctest */ = {isa = PBXFileReference; explicitFileType = wrapper.cfbundle; includeInIndex = 0; path = BansheeTests.xctest; sourceTree = BUILT_PRODUCTS_DIR; };
		6CC079C72EF7BF1F0081C716 /* BansheeUITests.xctest */ = {isa = PBXFileReference; explicitFileType = wrapper.cfbundle; includeInIndex = 0; path = BansheeUITests.xctest; sourceTree = BUILT_PRODUCTS_DIR; };
/* End PBXFileReference section */

/* Begin PBXFileSystemSynchronizedBuildFileExceptionSet section */
		6C444E262EF8975700C85736 /* Exceptions for "Banshee" folder in "Banshee" target */ = {
			isa = PBXFileSystemSynchronizedBuildFileExceptionSet;
			membershipExceptions = (
				Info.plist,
			);
			target = 6CC079AF2EF7BF1E0081C716 /* Banshee */;
		};
/* End PBXFileSystemSynchronizedBuildFileExceptionSet section */

/* Begin PBXFileSystemSynchronizedRootGroup section */
		6CC079B22EF7BF1E0081C716 /* Banshee */ = {
			isa = PBXFileSystemSynchronizedRootGroup;
			exceptions = (
				6C444E262EF8975700C85736 /* Exceptions for "Banshee" folder in "Banshee" target */,
			);
			path = Banshee;
			sourceTree = "<group>";
		};
		6CC079C02EF7BF1F0081C716 /* BansheeTests */ = {
			isa = PBXFileSystemSynchronizedRootGroup;
			path = BansheeTests;
			sourceTree = "<group>";
		};
		6CC079CA2EF7BF1F0081C716 /* BansheeUITests */ = {
			isa = PBXFileSystemSynchronizedRootGroup;
			path = BansheeUITests;
			sourceTree = "<group>";
		};
/* End PBXFileSystemSynchronizedRootGroup section */

/* Begin PBXFrameworksBuildPhase section */
		6CC079AD2EF7BF1E0081C716 /* Frameworks */ = {
			isa = PBXFrameworksBuildPhase;
			buildActionMask = 2147483647;
			files = (
				6C444E1C2EF8925400C85736 /* NoticeMe in Frameworks */,
				6CC079E82EF7BF8C0081C716 /* Data in Frameworks */,
				6C444E122EF88F0A00C85736 /* Scaffold in Frameworks */,
				6CC079EB2EF7BF9B0081C716 /* Feature in Frameworks */,
			);
			runOnlyForDeploymentPostprocessing = 0;
		};
		6CC079BA2EF7BF1F0081C716 /* Frameworks */ = {
			isa = PBXFrameworksBuildPhase;
			buildActionMask = 2147483647;
			files = (
			);
			runOnlyForDeploymentPostprocessing = 0;
		};
		6CC079C42EF7BF1F0081C716 /* Frameworks */ = {
			isa = PBXFrameworksBuildPhase;
			buildActionMask = 2147483647;
			files = (
			);
			runOnlyForDeploymentPostprocessing = 0;
		};
/* End PBXFrameworksBuildPhase section */

/* Begin PBXGroup section */
		6CC079A72EF7BF1E0081C716 = {
			isa = PBXGroup;
			children = (
				6CC079B22EF7BF1E0081C716 /* Banshee */,
				6CC079C02EF7BF1F0081C716 /* BansheeTests */,
				6CC079CA2EF7BF1F0081C716 /* BansheeUITests */,
				6CC079B12EF7BF1E0081C716 /* Products */,
			);
			sourceTree = "<group>";
		};
		6CC079B12EF7BF1E0081C716 /* Products */ = {
			isa = PBXGroup;
			children = (
				6CC079B02EF7BF1E0081C716 /* Banshee.app */,
				6CC079BD2EF7BF1F0081C716 /* BansheeTests.xctest */,
				6CC079C72EF7BF1F0081C716 /* BansheeUITests.xctest */,
			);
			name = Products;
			sourceTree = "<group>";
		};
/* End PBXGroup section */

/* Begin PBXNativeTarget section */
		6CC079AF2EF7BF1E0081C716 /* Banshee */ = {
			isa = PBXNativeTarget;
			buildConfigurationList = 6CC079D12EF7BF1F0081C716 /* Build configuration list for PBXNativeTarget "Banshee" */;
			buildPhases = (
				6CC079AC2EF7BF1E0081C716 /* Sources */,
				6CC079AD2EF7BF1E0081C716 /* Frameworks */,
				6CC079AE2EF7BF1E0081C716 /* Resources */,
			);
			buildRules = (
			);
			dependencies = (
			);
			fileSystemSynchronizedGroups = (
				6CC079B22EF7BF1E0081C716 /* Banshee */,
			);
			name = Banshee;
			packageProductDependencies = (
				6CC079E72EF7BF8C0081C716 /* Data */,
				6CC079EA2EF7BF9B0081C716 /* Feature */,
				6C444E112EF88F0A00C85736 /* Scaffold */,
				6C444E1B2EF8925400C85736 /* NoticeMe */,
			);
			productName = Banshee;
			productReference = 6CC079B02EF7BF1E0081C716 /* Banshee.app */;
			productType = "com.apple.product-type.application";
		};
		6CC079BC2EF7BF1F0081C716 /* BansheeTests */ = {
			isa = PBXNativeTarget;
			buildConfigurationList = 6CC079D42EF7BF1F0081C716 /* Build configuration list for PBXNativeTarget "BansheeTests" */;
			buildPhases = (
				6CC079B92EF7BF1F0081C716 /* Sources */,
				6CC079BA2EF7BF1F0081C716 /* Frameworks */,
				6CC079BB2EF7BF1F0081C716 /* Resources */,
			);
			buildRules = (
			);
			dependencies = (
				6CC079BF2EF7BF1F0081C716 /* PBXTargetDependency */,
			);
			fileSystemSynchronizedGroups = (
				6CC079C02EF7BF1F0081C716 /* BansheeTests */,
			);
			name = BansheeTests;
			packageProductDependencies = (
			);
			productName = BansheeTests;
			productReference = 6CC079BD2EF7BF1F0081C716 /* BansheeTests.xctest */;
			productType = "com.apple.product-type.bundle.unit-test";
		};
		6CC079C62EF7BF1F0081C716 /* BansheeUITests */ = {
			isa = PBXNativeTarget;
			buildConfigurationList = 6CC079D72EF7BF1F0081C716 /* Build configuration list for PBXNativeTarget "BansheeUITests" */;
			buildPhases = (
				6CC079C32EF7BF1F0081C716 /* Sources */,
				6CC079C42EF7BF1F0081C716 /* Frameworks */,
				6CC079C52EF7BF1F0081C716 /* Resources */,
			);
			buildRules = (
			);
			dependencies = (
				6CC079C92EF7BF1F0081C716 /* PBXTargetDependency */,
			);
			fileSystemSynchronizedGroups = (
				6CC079CA2EF7BF1F0081C716 /* BansheeUITests */,
			);
			name = BansheeUITests;
			packageProductDependencies = (
			);
			productName = BansheeUITests;
			productReference = 6CC079C72EF7BF1F0081C716 /* BansheeUITests.xctest */;
			productType = "com.apple.product-type.bundle.ui-testing";
		};
/* End PBXNativeTarget section */

/* Begin PBXProject section */
		6CC079A82EF7BF1E0081C716 /* Project object */ = {
			isa = PBXProject;
			attributes = {
				BuildIndependentTargetsInParallel = 1;
				LastSwiftUpdateCheck = 2620;
				LastUpgradeCheck = 2630;
				TargetAttributes = {
					6CC079AF2EF7BF1E0081C716 = {
						CreatedOnToolsVersion = 26.2;
					};
					6CC079BC2EF7BF1F0081C716 = {
						CreatedOnToolsVersion = 26.2;
						TestTargetID = 6CC079AF2EF7BF1E0081C716;
					};
					6CC079C62EF7BF1F0081C716 = {
						CreatedOnToolsVersion = 26.2;
						TestTargetID = 6CC079AF2EF7BF1E0081C716;
					};
				};
			};
			buildConfigurationList = 6CC079AB2EF7BF1E0081C716 /* Build configuration list for PBXProject "Banshee" */;
			developmentRegion = en;
			hasScannedForEncodings = 0;
			knownRegions = (
				en,
				Base,
			);
			mainGroup = 6CC079A72EF7BF1E0081C716;
			minimizedProjectReferenceProxies = 1;
			packageReferences = (
				6CC079E62EF7BF8C0081C716 /* XCLocalSwiftPackageReference "../Data" */,
				6CC079E92EF7BF9B0081C716 /* XCLocalSwiftPackageReference "../Feature" */,
				6C444E102EF88F0A00C85736 /* XCRemoteSwiftPackageReference "Scaffold" */,
				6C444E1A2EF8925400C85736 /* XCRemoteSwiftPackageReference "NoticeMe" */,
			);
			preferredProjectObjectVersion = 77;
			productRefGroup = 6CC079B12EF7BF1E0081C716 /* Products */;
			projectDirPath = "";
			projectRoot = "";
			targets = (
				6CC079AF2EF7BF1E0081C716 /* Banshee */,
				6CC079BC2EF7BF1F0081C716 /* BansheeTests */,
				6CC079C62EF7BF1F0081C716 /* BansheeUITests */,
			);
		};
/* End PBXProject section */

/* Begin PBXResourcesBuildPhase section */
		6CC079AE2EF7BF1E0081C716 /* Resources */ = {
			isa = PBXResourcesBuildPhase;
			buildActionMask = 2147483647;
			files = (
			);
			runOnlyForDeploymentPostprocessing = 0;
		};
		6CC079BB2EF7BF1F0081C716 /* Resources */ = {
			isa = PBXResourcesBuildPhase;
			buildActionMask = 2147483647;
			files = (
			);
			runOnlyForDeploymentPostprocessing = 0;
		};
		6CC079C52EF7BF1F0081C716 /* Resources */ = {
			isa = PBXResourcesBuildPhase;
			buildActionMask = 2147483647;
			files = (
			);
			runOnlyForDeploymentPostprocessing = 0;
		};
/* End PBXResourcesBuildPhase section */

/* Begin PBXSourcesBuildPhase section */
		6CC079AC2EF7BF1E0081C716 /* Sources */ = {
			isa = PBXSourcesBuildPhase;
			buildActionMask = 2147483647;
			files = (
			);
			runOnlyForDeploymentPostprocessing = 0;
		};
		6CC079B92EF7BF1F0081C716 /* Sources */ = {
			isa = PBXSourcesBuildPhase;
			buildActionMask = 2147483647;
			files = (
			);
			runOnlyForDeploymentPostprocessing = 0;
		};
		6CC079C32EF7BF1F0081C716 /* Sources */ = {
			isa = PBXSourcesBuildPhase;
			buildActionMask = 2147483647;
			files = (
			);
			runOnlyForDeploymentPostprocessing = 0;
		};
/* End PBXSourcesBuildPhase section */

/* Begin PBXTargetDependency section */
		6CC079BF2EF7BF1F0081C716 /* PBXTargetDependency */ = {
			isa = PBXTargetDependency;
			target = 6CC079AF2EF7BF1E0081C716 /* Banshee */;
			targetProxy = 6CC079BE2EF7BF1F0081C716 /* PBXContainerItemProxy */;
		};
		6CC079C92EF7BF1F0081C716 /* PBXTargetDependency */ = {
			isa = PBXTargetDependency;
			target = 6CC079AF2EF7BF1E0081C716 /* Banshee */;
			targetProxy = 6CC079C82EF7BF1F0081C716 /* PBXContainerItemProxy */;
		};
/* End PBXTargetDependency section */

/* Begin XCBuildConfiguration section */
		6CC079CF2EF7BF1F0081C716 /* Debug */ = {
			isa = XCBuildConfiguration;
			buildSettings = {
				ALWAYS_SEARCH_USER_PATHS = NO;
				ASSETCATALOG_COMPILER_GENERATE_SWIFT_ASSET_SYMBOL_EXTENSIONS = YES;
				CLANG_ANALYZER_NONNULL = YES;
				CLANG_ANALYZER_NUMBER_OBJECT_CONVERSION = YES_AGGRESSIVE;
				CLANG_CXX_LANGUAGE_STANDARD = "gnu++20";
				CLANG_ENABLE_MODULES = YES;
				CLANG_ENABLE_OBJC_ARC = YES;
				CLANG_ENABLE_OBJC_WEAK = YES;
				CLANG_WARN_BLOCK_CAPTURE_AUTORELEASING = YES;
				CLANG_WARN_BOOL_CONVERSION = YES;
				CLANG_WARN_COMMA = YES;
				CLANG_WARN_CONSTANT_CONVERSION = YES;
				CLANG_WARN_DEPRECATED_OBJC_IMPLEMENTATIONS = YES;
				CLANG_WARN_DIRECT_OBJC_ISA_USAGE = YES_ERROR;
				CLANG_WARN_DOCUMENTATION_COMMENTS = YES;
				CLANG_WARN_EMPTY_BODY = YES;
				CLANG_WARN_ENUM_CONVERSION = YES;
				CLANG_WARN_INFINITE_RECURSION = YES;
				CLANG_WARN_INT_CONVERSION = YES;
				CLANG_WARN_NON_LITERAL_NULL_CONVERSION = YES;
				CLANG_WARN_OBJC_IMPLICIT_RETAIN_SELF = YES;
				CLANG_WARN_OBJC_LITERAL_CONVERSION = YES;
				CLANG_WARN_OBJC_ROOT_CLASS = YES_ERROR;
				CLANG_WARN_QUOTED_INCLUDE_IN_FRAMEWORK_HEADER = YES;
				CLANG_WARN_RANGE_LOOP_ANALYSIS = YES;
				CLANG_WARN_STRICT_PROTOTYPES = YES;
				CLANG_WARN_SUSPICIOUS_MOVE = YES;
				CLANG_WARN_UNGUARDED_AVAILABILITY = YES_AGGRESSIVE;
				CLANG_WARN_UNREACHABLE_CODE = YES;
				CLANG_WARN__DUPLICATE_METHOD_MATCH = YES;
				COPY_PHASE_STRIP = NO;
				DEAD_CODE_STRIPPING = YES;
				DEBUG_INFORMATION_FORMAT = dwarf;
				ENABLE_STRICT_OBJC_MSGSEND = YES;
				ENABLE_TESTABILITY = YES;
				ENABLE_USER_SCRIPT_SANDBOXING = YES;
				GCC_C_LANGUAGE_STANDARD = gnu17;
				GCC_DYNAMIC_NO_PIC = NO;
				GCC_NO_COMMON_BLOCKS = YES;
				GCC_OPTIMIZATION_LEVEL = 0;
				GCC_PREPROCESSOR_DEFINITIONS = (
					"DEBUG=1",
					"$(inherited)",
				);
				GCC_WARN_64_TO_32_BIT_CONVERSION = YES;
				GCC_WARN_ABOUT_RETURN_TYPE = YES_ERROR;
				GCC_WARN_UNDECLARED_SELECTOR = YES;
				GCC_WARN_UNINITIALIZED_AUTOS = YES_AGGRESSIVE;
				GCC_WARN_UNUSED_FUNCTION = YES;
				GCC_WARN_UNUSED_VARIABLE = YES;
				LOCALIZATION_PREFERS_STRING_CATALOGS = YES;
				MTL_ENABLE_DEBUG_INFO = INCLUDE_SOURCE;
				MTL_FAST_MATH = YES;
				ONLY_ACTIVE_ARCH = YES;
				SWIFT_ACTIVE_COMPILATION_CONDITIONS = "DEBUG $(inherited)";
				SWIFT_EMIT_LOC_STRINGS = YES;
				SWIFT_OPTIMIZATION_LEVEL = "-Onone";
			};
			name = Debug;
		};
		6CC079D02EF7BF1F0081C716 /* Release */ = {
			isa = XCBuildConfiguration;
			buildSettings = {
				ALWAYS_SEARCH_USER_PATHS = NO;
				ASSETCATALOG_COMPILER_GENERATE_SWIFT_ASSET_SYMBOL_EXTENSIONS = YES;
				CLANG_ANALYZER_NONNULL = YES;
				CLANG_ANALYZER_NUMBER_OBJECT_CONVERSION = YES_AGGRESSIVE;
				CLANG_CXX_LANGUAGE_STANDARD = "gnu++20";
				CLANG_ENABLE_MODULES = YES;
				CLANG_ENABLE_OBJC_ARC = YES;
				CLANG_ENABLE_OBJC_WEAK = YES;
				CLANG_WARN_BLOCK_CAPTURE_AUTORELEASING = YES;
				CLANG_WARN_BOOL_CONVERSION = YES;
				CLANG_WARN_COMMA = YES;
				CLANG_WARN_CONSTANT_CONVERSION = YES;
				CLANG_WARN_DEPRECATED_OBJC_IMPLEMENTATIONS = YES;
				CLANG_WARN_DIRECT_OBJC_ISA_USAGE = YES_ERROR;
				CLANG_WARN_DOCUMENTATION_COMMENTS = YES;
				CLANG_WARN_EMPTY_BODY = YES;
				CLANG_WARN_ENUM_CONVERSION = YES;
				CLANG_WARN_INFINITE_RECURSION = YES;
				CLANG_WARN_INT_CONVERSION = YES;
				CLANG_WARN_NON_LITERAL_NULL_CONVERSION = YES;
				CLANG_WARN_OBJC_IMPLICIT_RETAIN_SELF = YES;
				CLANG_WARN_OBJC_LITERAL_CONVERSION = YES;
				CLANG_WARN_OBJC_ROOT_CLASS = YES_ERROR;
				CLANG_WARN_QUOTED_INCLUDE_IN_FRAMEWORK_HEADER = YES;
				CLANG_WARN_RANGE_LOOP_ANALYSIS = YES;
				CLANG_WARN_STRICT_PROTOTYPES = YES;
				CLANG_WARN_SUSPICIOUS_MOVE = YES;
				CLANG_WARN_UNGUARDED_AVAILABILITY = YES_AGGRESSIVE;
				CLANG_WARN_UNREACHABLE_CODE = YES;
				CLANG_WARN__DUPLICATE_METHOD_MATCH = YES;
				COPY_PHASE_STRIP = NO;
				DEAD_CODE_STRIPPING = YES;
				DEBUG_INFORMATION_FORMAT = "dwarf-with-dsym";
				ENABLE_NS_ASSERTIONS = NO;
				ENABLE_STRICT_OBJC_MSGSEND = YES;
				ENABLE_USER_SCRIPT_SANDBOXING = YES;
				GCC_C_LANGUAGE_STANDARD = gnu17;
				GCC_NO_COMMON_BLOCKS = YES;
				GCC_WARN_64_TO_32_BIT_CONVERSION = YES;
				GCC_WARN_ABOUT_RETURN_TYPE = YES_ERROR;
				GCC_WARN_UNDECLARED_SELECTOR = YES;
				GCC_WARN_UNINITIALIZED_AUTOS = YES_AGGRESSIVE;
				GCC_WARN_UNUSED_FUNCTION = YES;
				GCC_WARN_UNUSED_VARIABLE = YES;
				LOCALIZATION_PREFERS_STRING_CATALOGS = YES;
				MTL_ENABLE_DEBUG_INFO = NO;
				MTL_FAST_MATH = YES;
				SWIFT_COMPILATION_MODE = wholemodule;
				SWIFT_EMIT_LOC_STRINGS = YES;
			};
			name = Release;
		};
		6CC079D22EF7BF1F0081C716 /* Debug */ = {
			isa = XCBuildConfiguration;
			buildSettings = {
				ASSETCATALOG_COMPILER_APPICON_NAME = Banshee;
				ASSETCATALOG_COMPILER_GLOBAL_ACCENT_COLOR_NAME = AccentColor;
				ASSETCATALOG_COMPILER_INCLUDE_ALL_APPICON_ASSETS = YES;
				CODE_SIGN_STYLE = Automatic;
				CURRENT_PROJECT_VERSION = 1;
				DEAD_CODE_STRIPPING = YES;
				DEVELOPMENT_TEAM = "";
				ENABLE_APP_SANDBOX = YES;
				ENABLE_PREVIEWS = YES;
				ENABLE_USER_SELECTED_FILES = readonly;
				GENERATE_INFOPLIST_FILE = YES;
				INFOPLIST_FILE = Banshee/Info.plist;
				INFOPLIST_KEY_CFBundleDisplayName = Banshee;
				"INFOPLIST_KEY_UIApplicationSceneManifest_Generation[sdk=iphoneos*]" = YES;
				"INFOPLIST_KEY_UIApplicationSceneManifest_Generation[sdk=iphonesimulator*]" = YES;
				"INFOPLIST_KEY_UIApplicationSupportsIndirectInputEvents[sdk=iphoneos*]" = YES;
				"INFOPLIST_KEY_UIApplicationSupportsIndirectInputEvents[sdk=iphonesimulator*]" = YES;
				"INFOPLIST_KEY_UILaunchScreen_Generation[sdk=iphoneos*]" = YES;
				"INFOPLIST_KEY_UILaunchScreen_Generation[sdk=iphonesimulator*]" = YES;
				"INFOPLIST_KEY_UIStatusBarStyle[sdk=iphoneos*]" = UIStatusBarStyleDefault;
				"INFOPLIST_KEY_UIStatusBarStyle[sdk=iphonesimulator*]" = UIStatusBarStyleDefault;
				INFOPLIST_KEY_UISupportedInterfaceOrientations_iPad = "UIInterfaceOrientationPortrait UIInterfaceOrientationPortraitUpsideDown UIInterfaceOrientationLandscapeLeft UIInterfaceOrientationLandscapeRight";
				INFOPLIST_KEY_UISupportedInterfaceOrientations_iPhone = "UIInterfaceOrientationPortrait UIInterfaceOrientationLandscapeLeft UIInterfaceOrientationLandscapeRight";
				IPHONEOS_DEPLOYMENT_TARGET = 26.2;
				LD_RUNPATH_SEARCH_PATHS = "@executable_path/Frameworks";
				"LD_RUNPATH_SEARCH_PATHS[sdk=macosx*]" = "@executable_path/../Frameworks";
				MACOSX_DEPLOYMENT_TARGET = 26.2;
				MARKETING_VERSION = 0.0.1;
				PRODUCT_BUNDLE_IDENTIFIER = com.example.banshee;
				PRODUCT_NAME = "$(TARGET_NAME)";
				REGISTER_APP_GROUPS = YES;
				SDKROOT = auto;
				STRING_CATALOG_GENERATE_SYMBOLS = YES;
				SUPPORTED_PLATFORMS = "iphoneos iphonesimulator macosx xros xrsimulator";
				SWIFT_APPROACHABLE_CONCURRENCY = YES;
				SWIFT_DEFAULT_ACTOR_ISOLATION = MainActor;
				SWIFT_EMIT_LOC_STRINGS = YES;
				SWIFT_UPCOMING_FEATURE_MEMBER_IMPORT_VISIBILITY = YES;
				SWIFT_VERSION = 5.0;
				TARGETED_DEVICE_FAMILY = "1,2,7";
				XROS_DEPLOYMENT_TARGET = 26.2;
			};
			name = Debug;
		};
		6CC079D32EF7BF1F0081C716 /* Release */ = {
			isa = XCBuildConfiguration;
			buildSettings = {
				ASSETCATALOG_COMPILER_APPICON_NAME = Banshee;
				ASSETCATALOG_COMPILER_GLOBAL_ACCENT_COLOR_NAME = AccentColor;
				ASSETCATALOG_COMPILER_INCLUDE_ALL_APPICON_ASSETS = YES;
				CODE_SIGN_STYLE = Automatic;
				CURRENT_PROJECT_VERSION = 1;
				DEAD_CODE_STRIPPING = YES;
				DEVELOPMENT_TEAM = "";
				ENABLE_APP_SANDBOX = YES;
				ENABLE_PREVIEWS = YES;
				ENABLE_USER_SELECTED_FILES = readonly;
				GENERATE_INFOPLIST_FILE = YES;
				INFOPLIST_FILE = Banshee/Info.plist;
				INFOPLIST_KEY_CFBundleDisplayName = Banshee;
				"INFOPLIST_KEY_UIApplicationSceneManifest_Generation[sdk=iphoneos*]" = YES;
				"INFOPLIST_KEY_UIApplicationSceneManifest_Generation[sdk=iphonesimulator*]" = YES;
				"INFOPLIST_KEY_UIApplicationSupportsIndirectInputEvents[sdk=iphoneos*]" = YES;
				"INFOPLIST_KEY_UIApplicationSupportsIndirectInputEvents[sdk=iphonesimulator*]" = YES;
				"INFOPLIST_KEY_UILaunchScreen_Generation[sdk=iphoneos*]" = YES;
				"INFOPLIST_KEY_UILaunchScreen_Generation[sdk=iphonesimulator*]" = YES;
				"INFOPLIST_KEY_UIStatusBarStyle[sdk=iphoneos*]" = UIStatusBarStyleDefault;
				"INFOPLIST_KEY_UIStatusBarStyle[sdk=iphonesimulator*]" = UIStatusBarStyleDefault;
				INFOPLIST_KEY_UISupportedInterfaceOrientations_iPad = "UIInterfaceOrientationPortrait UIInterfaceOrientationPortraitUpsideDown UIInterfaceOrientationLandscapeLeft UIInterfaceOrientationLandscapeRight";
				INFOPLIST_KEY_UISupportedInterfaceOrientations_iPhone = "UIInterfaceOrientationPortrait UIInterfaceOrientationLandscapeLeft UIInterfaceOrientationLandscapeRight";
				IPHONEOS_DEPLOYMENT_TARGET = 26.2;
				LD_RUNPATH_SEARCH_PATHS = "@executable_path/Frameworks";
				"LD_RUNPATH_SEARCH_PATHS[sdk=macosx*]" = "@executable_path/../Frameworks";
				MACOSX_DEPLOYMENT_TARGET = 26.2;
				MARKETING_VERSION = 0.0.1;
				PRODUCT_BUNDLE_IDENTIFIER = com.example.banshee;
				PRODUCT_NAME = "$(TARGET_NAME)";
				REGISTER_APP_GROUPS = YES;
				SDKROOT = auto;
				STRING_CATALOG_GENERATE_SYMBOLS = YES;
				SUPPORTED_PLATFORMS = "iphoneos iphonesimulator macosx xros xrsimulator";
				SWIFT_APPROACHABLE_CONCURRENCY = YES;
				SWIFT_DEFAULT_ACTOR_ISOLATION = MainActor;
				SWIFT_EMIT_LOC_STRINGS = YES;
				SWIFT_UPCOMING_FEATURE_MEMBER_IMPORT_VISIBILITY = YES;
				SWIFT_VERSION = 5.0;
				TARGETED_DEVICE_FAMILY = "1,2,7";
				XROS_DEPLOYMENT_TARGET = 26.2;
			};
			name = Release;
		};
		6CC079D52EF7BF1F0081C716 /* Debug */ = {
			isa = XCBuildConfiguration;
			buildSettings = {
				BUNDLE_LOADER = "$(TEST_HOST)";
				CODE_SIGN_STYLE = Automatic;
				CURRENT_PROJECT_VERSION = 1;
				DEAD_CODE_STRIPPING = YES;
				GENERATE_INFOPLIST_FILE = YES;
				IPHONEOS_DEPLOYMENT_TARGET = 26.2;
				MACOSX_DEPLOYMENT_TARGET = 26.2;
				MARKETING_VERSION = 1.0;
				PRODUCT_BUNDLE_IDENTIFIER = com.bansheeaudio.BansheeTests;
				PRODUCT_NAME = "$(TARGET_NAME)";
				SDKROOT = auto;
				STRING_CATALOG_GENERATE_SYMBOLS = NO;
				SUPPORTED_PLATFORMS = "iphoneos iphonesimulator macosx xros xrsimulator";
				SWIFT_APPROACHABLE_CONCURRENCY = YES;
				SWIFT_EMIT_LOC_STRINGS = NO;
				SWIFT_UPCOMING_FEATURE_MEMBER_IMPORT_VISIBILITY = YES;
				SWIFT_VERSION = 5.0;
				TARGETED_DEVICE_FAMILY = "1,2,7";
				TEST_HOST = "$(BUILT_PRODUCTS_DIR)/Banshee.app/$(BUNDLE_EXECUTABLE_FOLDER_PATH)/Banshee";
				XROS_DEPLOYMENT_TARGET = 26.2;
			};
			name = Debug;
		};
		6CC079D62EF7BF1F0081C716 /* Release */ = {
			isa = XCBuildConfiguration;
			buildSettings = {
				BUNDLE_LOADER = "$(TEST_HOST)";
				CODE_SIGN_STYLE = Automatic;
				CURRENT_PROJECT_VERSION = 1;
				DEAD_CODE_STRIPPING = YES;
				GENERATE_INFOPLIST_FILE = YES;
				IPHONEOS_DEPLOYMENT_TARGET = 26.2;
				MACOSX_DEPLOYMENT_TARGET = 26.2;
				MARKETING_VERSION = 1.0;
				PRODUCT_BUNDLE_IDENTIFIER = com.bansheeaudio.BansheeTests;
				PRODUCT_NAME = "$(TARGET_NAME)";
				SDKROOT = auto;
				STRING_CATALOG_GENERATE_SYMBOLS = NO;
				SUPPORTED_PLATFORMS = "iphoneos iphonesimulator macosx xros xrsimulator";
				SWIFT_APPROACHABLE_CONCURRENCY = YES;
				SWIFT_EMIT_LOC_STRINGS = NO;
				SWIFT_UPCOMING_FEATURE_MEMBER_IMPORT_VISIBILITY = YES;
				SWIFT_VERSION = 5.0;
				TARGETED_DEVICE_FAMILY = "1,2,7";
				TEST_HOST = "$(BUILT_PRODUCTS_DIR)/Banshee.app/$(BUNDLE_EXECUTABLE_FOLDER_PATH)/Banshee";
				XROS_DEPLOYMENT_TARGET = 26.2;
			};
			name = Release;
		};
		6CC079D82EF7BF1F0081C716 /* Debug */ = {
			isa = XCBuildConfiguration;
			buildSettings = {
				CODE_SIGN_STYLE = Automatic;
				CURRENT_PROJECT_VERSION = 1;
				DEAD_CODE_STRIPPING = YES;
				GENERATE_INFOPLIST_FILE = YES;
				IPHONEOS_DEPLOYMENT_TARGET = 26.2;
				MACOSX_DEPLOYMENT_TARGET = 26.2;
				MARKETING_VERSION = 1.0;
				PRODUCT_BUNDLE_IDENTIFIER = com.bansheeaudio.BansheeUITests;
				PRODUCT_NAME = "$(TARGET_NAME)";
				SDKROOT = auto;
				STRING_CATALOG_GENERATE_SYMBOLS = NO;
				SUPPORTED_PLATFORMS = "iphoneos iphonesimulator macosx xros xrsimulator";
				SWIFT_APPROACHABLE_CONCURRENCY = YES;
				SWIFT_EMIT_LOC_STRINGS = NO;
				SWIFT_UPCOMING_FEATURE_MEMBER_IMPORT_VISIBILITY = YES;
				SWIFT_VERSION = 5.0;
				TARGETED_DEVICE_FAMILY = "1,2,7";
				TEST_TARGET_NAME = Banshee;
				XROS_DEPLOYMENT_TARGET = 26.2;
			};
			name = Debug;
		};
		6CC079D92EF7BF1F0081C716 /* Release */ = {
			isa = XCBuildConfiguration;
			buildSettings = {
				CODE_SIGN_STYLE = Automatic;
				CURRENT_PROJECT_VERSION = 1;
				DEAD_CODE_STRIPPING = YES;
				GENERATE_INFOPLIST_FILE = YES;
				IPHONEOS_DEPLOYMENT_TARGET = 26.2;
				MACOSX_DEPLOYMENT_TARGET = 26.2;
				MARKETING_VERSION = 1.0;
				PRODUCT_BUNDLE_IDENTIFIER = com.bansheeaudio.BansheeUITests;
				PRODUCT_NAME = "$(TARGET_NAME)";
				SDKROOT = auto;
				STRING_CATALOG_GENERATE_SYMBOLS = NO;
				SUPPORTED_PLATFORMS = "iphoneos iphonesimulator macosx xros xrsimulator";
				SWIFT_APPROACHABLE_CONCURRENCY = YES;
				SWIFT_EMIT_LOC_STRINGS = NO;
				SWIFT_UPCOMING_FEATURE_MEMBER_IMPORT_VISIBILITY = YES;
				SWIFT_VERSION = 5.0;
				TARGETED_DEVICE_FAMILY = "1,2,7";
				TEST_TARGET_NAME = Banshee;
				XROS_DEPLOYMENT_TARGET = 26.2;
			};
			name = Release;
		};
/* End XCBuildConfiguration section */

/* Begin XCConfigurationList section */
		6CC079AB2EF7BF1E0081C716 /* Build configuration list for PBXProject "Banshee" */ = {
			isa = XCConfigurationList;
			buildConfigurations = (
				6CC079CF2EF7BF1F0081C716 /* Debug */,
				6CC079D02EF7BF1F0081C716 /* Release */,
			);
			defaultConfigurationIsVisible = 0;
			defaultConfigurationName = Release;
		};
		6CC079D12EF7BF1F0081C716 /* Build configuration list for PBXNativeTarget "Banshee" */ = {
			isa = XCConfigurationList;
			buildConfigurations = (
				6CC079D22EF7BF1F0081C716 /* Debug */,
				6CC079D32EF7BF1F0081C716 /* Release */,
			);
			defaultConfigurationIsVisible = 0;
			defaultConfigurationName = Release;
		};
		6CC079D42EF7BF1F0081C716 /* Build configuration list for PBXNativeTarget "BansheeTests" */ = {
			isa = XCConfigurationList;
			buildConfigurations = (
				6CC079D52EF7BF1F0081C716 /* Debug */,
				6CC079D62EF7BF1F0081C716 /* Release */,
			);
			defaultConfigurationIsVisible = 0;
			defaultConfigurationName = Release;
		};
		6CC079D72EF7BF1F0081C716 /* Build configuration list for PBXNativeTarget "BansheeUITests" */ = {
			isa = XCConfigurationList;
			buildConfigurations = (
				6CC079D82EF7BF1F0081C716 /* Debug */,
				6CC079D92EF7BF1F0081C716 /* Release */,
			);
			defaultConfigurationIsVisible = 0;
			defaultConfigurationName = Release;
		};
/* End XCConfigurationList section */

/* Begin XCLocalSwiftPackageReference section */
		6CC079E62EF7BF8C0081C716 /* XCLocalSwiftPackageReference "../Data" */ = {
			isa = XCLocalSwiftPackageReference;
			relativePath = ../Data;
		};
		6CC079E92EF7BF9B0081C716 /* XCLocalSwiftPackageReference "../Feature" */ = {
			isa = XCLocalSwiftPackageReference;
			relativePath = ../Feature;
		};
/* End XCLocalSwiftPackageReference section */

/* Begin XCRemoteSwiftPackageReference section */
		6C444E102EF88F0A00C85736 /* XCRemoteSwiftPackageReference "Scaffold" */ = {
			isa = XCRemoteSwiftPackageReference;
			repositoryURL = "https://github.com/Lukas-Simonson/Scaffold.git";
			requirement = {
				kind = upToNextMajorVersion;
				minimumVersion = 0.3.0;
			};
		};
		6C444E1A2EF8925400C85736 /* XCRemoteSwiftPackageReference "NoticeMe" */ = {
			isa = XCRemoteSwiftPackageReference;
			repositoryURL = "https://github.com/Lukas-Simonson/NoticeMe";
			requirement = {
				kind = upToNextMajorVersion;
				minimumVersion = 2.0.0;
			};
		};
/* End XCRemoteSwiftPackageReference section */

/* Begin XCSwiftPackageProductDependency section */
		6C444E112EF88F0A00C85736 /* Scaffold */ = {
			isa = XCSwiftPackageProductDependency;
			package = 6C444E102EF88F0A00C85736 /* XCRemoteSwiftPackageReference "Scaffold" */;
			productName = Scaffold;
		};
		6C444E1B2EF8925400C85736 /* NoticeMe */ = {
			isa = XCSwiftPackageProductDependency;
			package = 6C444E1A2EF8925400C85736 /* XCRemoteSwiftPackageReference "NoticeMe" */;
			productName = NoticeMe;
		};
		6CC079E72EF7BF8C0081C716 /* Data */ = {
			isa = XCSwiftPackageProductDependency;
			productName = Data;
		};
		6CC079EA2EF7BF9B0081C716 /* Feature */ = {
			isa = XCSwiftPackageProductDependency;
			productName = Feature;
		};
/* End XCSwiftPackageProductDependency section */
	};
	rootObject = 6CC079A82EF7BF1E0081C716 /* Project object */;
}
